// !$*UTF8*$!
{
	archiveVersion = 1;
	classes = {
	};
	objectVersion = 51;
	objects = {

/* Begin PBXBuildFile section */
		6AECC15F30291ACF064BDAF0 /* Pods_fastighetsAppen.framework in Frameworks */ = {isa = PBXBuildFile; fileRef = 5B457EA97C70246A6FFE0649 /* Pods_fastighetsAppen.framework */; };
		D1136EDB258A49E80054A82B /* ButtonView.swift in Sources */ = {isa = PBXBuildFile; fileRef = D1136EDA258A49E80054A82B /* ButtonView.swift */; };
		D1136EE3258AAC8B0054A82B /* PasswordTextfieldView.swift in Sources */ = {isa = PBXBuildFile; fileRef = D1136EE2258AAC8B0054A82B /* PasswordTextfieldView.swift */; };
		D13276FB25878E3A00DB52AA /* TenantDetailView.swift in Sources */ = {isa = PBXBuildFile; fileRef = D13276FA25878E3A00DB52AA /* TenantDetailView.swift */; };
		D13277022587B3C200DB52AA /* .gitignore in Resources */ = {isa = PBXBuildFile; fileRef = D13277012587B3C100DB52AA /* .gitignore */; };
		D13C7C6F25825E0C00F3F756 /* InputfieldView.swift in Sources */ = {isa = PBXBuildFile; fileRef = D13C7C6E25825E0C00F3F756 /* InputfieldView.swift */; };
		D13C7C7225826D1E00F3F756 /* SMSSender.swift in Sources */ = {isa = PBXBuildFile; fileRef = D13C7C7125826D1E00F3F756 /* SMSSender.swift */; };
		D14AF99E257E979D00F3C473 /* AddTenants.swift in Sources */ = {isa = PBXBuildFile; fileRef = D14AF99D257E979D00F3C473 /* AddTenants.swift */; };
		D1A32B4F257D2E0600A705C5 /* PropertyOwnerHomeView.swift in Sources */ = {isa = PBXBuildFile; fileRef = D1A32B4E257D2E0600A705C5 /* PropertyOwnerHomeView.swift */; };
		D1A32B5A257D4B0F00A705C5 /* PropertyModel.swift in Sources */ = {isa = PBXBuildFile; fileRef = D1A32B59257D4B0F00A705C5 /* PropertyModel.swift */; };
		D1A32B5D257D4CE000A705C5 /* TenantModel.swift in Sources */ = {isa = PBXBuildFile; fileRef = D1A32B5C257D4CE000A705C5 /* TenantModel.swift */; };
		D1A32B60257D4E2000A705C5 /* AddProperty.swift in Sources */ = {isa = PBXBuildFile; fileRef = D1A32B5F257D4E2000A705C5 /* AddProperty.swift */; };
		D1F40612257A4BA000F26599 /* fastighetsAppenApp.swift in Sources */ = {isa = PBXBuildFile; fileRef = D1F40611257A4BA000F26599 /* fastighetsAppenApp.swift */; };
		D1F40616257A4BA400F26599 /* Assets.xcassets in Resources */ = {isa = PBXBuildFile; fileRef = D1F40615257A4BA400F26599 /* Assets.xcassets */; };
		D1F40619257A4BA400F26599 /* Preview Assets.xcassets in Resources */ = {isa = PBXBuildFile; fileRef = D1F40618257A4BA400F26599 /* Preview Assets.xcassets */; };
		D1F40622257A8D4F00F26599 /* GoogleService-Info.plist in Resources */ = {isa = PBXBuildFile; fileRef = D1F40621257A8D4F00F26599 /* GoogleService-Info.plist */; };
		D1F4064B257A916600F26599 /* SignUpView.swift in Sources */ = {isa = PBXBuildFile; fileRef = D1F4064A257A916600F26599 /* SignUpView.swift */; };
		D1F4064F257A978C00F26599 /* LoginView.swift in Sources */ = {isa = PBXBuildFile; fileRef = D1F4064E257A978C00F26599 /* LoginView.swift */; };
		D1F40654257AC00400F26599 /* PropertyOwner.swift in Sources */ = {isa = PBXBuildFile; fileRef = D1F40653257AC00400F26599 /* PropertyOwner.swift */; };
/* End PBXBuildFile section */

/* Begin PBXFileReference section */
		3B278F984826AEA0BC6FFD10 /* Pods-fastighetsAppen.debug.xcconfig */ = {isa = PBXFileReference; includeInIndex = 1; lastKnownFileType = text.xcconfig; name = "Pods-fastighetsAppen.debug.xcconfig"; path = "Target Support Files/Pods-fastighetsAppen/Pods-fastighetsAppen.debug.xcconfig"; sourceTree = "<group>"; };
		5B457EA97C70246A6FFE0649 /* Pods_fastighetsAppen.framework */ = {isa = PBXFileReference; explicitFileType = wrapper.framework; includeInIndex = 0; path = Pods_fastighetsAppen.framework; sourceTree = BUILT_PRODUCTS_DIR; };
		D1136EDA258A49E80054A82B /* ButtonView.swift */ = {isa = PBXFileReference; lastKnownFileType = sourcecode.swift; path = ButtonView.swift; sourceTree = "<group>"; };
		D1136EE2258AAC8B0054A82B /* PasswordTextfieldView.swift */ = {isa = PBXFileReference; lastKnownFileType = sourcecode.swift; path = PasswordTextfieldView.swift; sourceTree = "<group>"; };
		D13276FA25878E3A00DB52AA /* TenantDetailView.swift */ = {isa = PBXFileReference; lastKnownFileType = sourcecode.swift; path = TenantDetailView.swift; sourceTree = "<group>"; };
		D13277012587B3C100DB52AA /* .gitignore */ = {isa = PBXFileReference; fileEncoding = 4; lastKnownFileType = text; path = .gitignore; sourceTree = "<group>"; };
		D13C7C6E25825E0C00F3F756 /* InputfieldView.swift */ = {isa = PBXFileReference; lastKnownFileType = sourcecode.swift; path = InputfieldView.swift; sourceTree = "<group>"; };
		D13C7C7125826D1E00F3F756 /* SMSSender.swift */ = {isa = PBXFileReference; lastKnownFileType = sourcecode.swift; path = SMSSender.swift; sourceTree = "<group>"; };
		D14AF99D257E979D00F3C473 /* AddTenants.swift */ = {isa = PBXFileReference; lastKnownFileType = sourcecode.swift; path = AddTenants.swift; sourceTree = "<group>"; };
		D1A32B4E257D2E0600A705C5 /* PropertyOwnerHomeView.swift */ = {isa = PBXFileReference; lastKnownFileType = sourcecode.swift; path = PropertyOwnerHomeView.swift; sourceTree = "<group>"; };
		D1A32B59257D4B0F00A705C5 /* PropertyModel.swift */ = {isa = PBXFileReference; lastKnownFileType = sourcecode.swift; path = PropertyModel.swift; sourceTree = "<group>"; };
		D1A32B5C257D4CE000A705C5 /* TenantModel.swift */ = {isa = PBXFileReference; lastKnownFileType = sourcecode.swift; path = TenantModel.swift; sourceTree = "<group>"; };
		D1A32B5F257D4E2000A705C5 /* AddProperty.swift */ = {isa = PBXFileReference; lastKnownFileType = sourcecode.swift; path = AddProperty.swift; sourceTree = "<group>"; };
		D1F4060E257A4BA000F26599 /* fastighetsAppen.app */ = {isa = PBXFileReference; explicitFileType = wrapper.application; includeInIndex = 0; path = fastighetsAppen.app; sourceTree = BUILT_PRODUCTS_DIR; };
		D1F40611257A4BA000F26599 /* fastighetsAppenApp.swift */ = {isa = PBXFileReference; lastKnownFileType = sourcecode.swift; path = fastighetsAppenApp.swift; sourceTree = "<group>"; };
		D1F40615257A4BA400F26599 /* Assets.xcassets */ = {isa = PBXFileReference; lastKnownFileType = folder.assetcatalog; path = Assets.xcassets; sourceTree = "<group>"; };
		D1F40618257A4BA400F26599 /* Preview Assets.xcassets */ = {isa = PBXFileReference; lastKnownFileType = folder.assetcatalog; path = "Preview Assets.xcassets"; sourceTree = "<group>"; };
		D1F4061A257A4BA400F26599 /* Info.plist */ = {isa = PBXFileReference; lastKnownFileType = text.plist.xml; path = Info.plist; sourceTree = "<group>"; };
		D1F40621257A8D4F00F26599 /* GoogleService-Info.plist */ = {isa = PBXFileReference; fileEncoding = 4; lastKnownFileType = text.plist.xml; path = "GoogleService-Info.plist"; sourceTree = "<group>"; };
		D1F4064A257A916600F26599 /* SignUpView.swift */ = {isa = PBXFileReference; lastKnownFileType = sourcecode.swift; path = SignUpView.swift; sourceTree = "<group>"; };
		D1F4064E257A978C00F26599 /* LoginView.swift */ = {isa = PBXFileReference; lastKnownFileType = sourcecode.swift; path = LoginView.swift; sourceTree = "<group>"; };
		D1F40653257AC00400F26599 /* PropertyOwner.swift */ = {isa = PBXFileReference; lastKnownFileType = sourcecode.swift; path = PropertyOwner.swift; sourceTree = "<group>"; };
		D2D2F69DCBABD7C01C192F01 /* Pods-fastighetsAppen.release.xcconfig */ = {isa = PBXFileReference; includeInIndex = 1; lastKnownFileType = text.xcconfig; name = "Pods-fastighetsAppen.release.xcconfig"; path = "Target Support Files/Pods-fastighetsAppen/Pods-fastighetsAppen.release.xcconfig"; sourceTree = "<group>"; };
/* End PBXFileReference section */

/* Begin PBXFrameworksBuildPhase section */
		D1F4060B257A4BA000F26599 /* Frameworks */ = {
			isa = PBXFrameworksBuildPhase;
			buildActionMask = 2147483647;
			files = (
				6AECC15F30291ACF064BDAF0 /* Pods_fastighetsAppen.framework in Frameworks */,
			);
			runOnlyForDeploymentPostprocessing = 0;
		};
/* End PBXFrameworksBuildPhase section */

/* Begin PBXGroup section */
		30DC96D0DE7AE65402ADCD19 /* Frameworks */ = {
			isa = PBXGroup;
			children = (
				5B457EA97C70246A6FFE0649 /* Pods_fastighetsAppen.framework */,
			);
			name = Frameworks;
			sourceTree = "<group>";
		};
		D1A32B4D257D2DC900A705C5 /* HomeViewForPropertyOwner */ = {
			isa = PBXGroup;
			children = (
				D1A32B4E257D2E0600A705C5 /* PropertyOwnerHomeView.swift */,
			);
			path = HomeViewForPropertyOwner;
			sourceTree = "<group>";
		};
		D1A32B54257D4A1B00A705C5 /* HelpViews */ = {
			isa = PBXGroup;
			children = (
				D13C7C6E25825E0C00F3F756 /* InputfieldView.swift */,
				D13276FA25878E3A00DB52AA /* TenantDetailView.swift */,
				D1136EDA258A49E80054A82B /* ButtonView.swift */,
				D1136EE2258AAC8B0054A82B /* PasswordTextfieldView.swift */,
			);
			path = HelpViews;
			sourceTree = "<group>";
		};
		D1F40605257A4BA000F26599 = {
			isa = PBXGroup;
			children = (
				D13277012587B3C100DB52AA /* .gitignore */,
				D1F40610257A4BA000F26599 /* fastighetsAppen */,
				D1F4060F257A4BA000F26599 /* Products */,
				E0D1911CCFE3C5A23E411BAF /* Pods */,
				30DC96D0DE7AE65402ADCD19 /* Frameworks */,
			);
			sourceTree = "<group>";
		};
		D1F4060F257A4BA000F26599 /* Products */ = {
			isa = PBXGroup;
			children = (
				D1F4060E257A4BA000F26599 /* fastighetsAppen.app */,
			);
			name = Products;
			sourceTree = "<group>";
		};
		D1F40610257A4BA000F26599 /* fastighetsAppen */ = {
			isa = PBXGroup;
			children = (
				D1F40644257A90A500F26599 /* Controllers */,
				D1F40643257A909A00F26599 /* Models */,
				D1F40642257A908700F26599 /* Views */,
				D1F40611257A4BA000F26599 /* fastighetsAppenApp.swift */,
				D1F40615257A4BA400F26599 /* Assets.xcassets */,
				D1F4061A257A4BA400F26599 /* Info.plist */,
				D1F40621257A8D4F00F26599 /* GoogleService-Info.plist */,
				D1F40617257A4BA400F26599 /* Preview Content */,
			);
			path = fastighetsAppen;
			sourceTree = "<group>";
		};
		D1F40617257A4BA400F26599 /* Preview Content */ = {
			isa = PBXGroup;
			children = (
				D1F40618257A4BA400F26599 /* Preview Assets.xcassets */,
			);
			path = "Preview Content";
			sourceTree = "<group>";
		};
		D1F40642257A908700F26599 /* Views */ = {
			isa = PBXGroup;
			children = (
				D14AF99D257E979D00F3C473 /* AddTenants.swift */,
				D1A32B5F257D4E2000A705C5 /* AddProperty.swift */,
				D1A32B54257D4A1B00A705C5 /* HelpViews */,
				D1A32B4D257D2DC900A705C5 /* HomeViewForPropertyOwner */,
				D1F4064D257A974A00F26599 /* LoginAndISignUp */,
			);
			path = Views;
			sourceTree = "<group>";
		};
		D1F40643257A909A00F26599 /* Models */ = {
			isa = PBXGroup;
			children = (
				D1F40653257AC00400F26599 /* PropertyOwner.swift */,
				D1A32B59257D4B0F00A705C5 /* PropertyModel.swift */,
				D1A32B5C257D4CE000A705C5 /* TenantModel.swift */,
			);
			path = Models;
			sourceTree = "<group>";
		};
		D1F40644257A90A500F26599 /* Controllers */ = {
			isa = PBXGroup;
			children = (
				D13C7C7125826D1E00F3F756 /* SMSSender.swift */,
			);
			path = Controllers;
			sourceTree = "<group>";
		};
		D1F4064D257A974A00F26599 /* LoginAndISignUp */ = {
			isa = PBXGroup;
			children = (
				D1F4064E257A978C00F26599 /* LoginView.swift */,
				D1F4064A257A916600F26599 /* SignUpView.swift */,
			);
			path = LoginAndISignUp;
			sourceTree = "<group>";
		};
		E0D1911CCFE3C5A23E411BAF /* Pods */ = {
			isa = PBXGroup;
			children = (
				3B278F984826AEA0BC6FFD10 /* Pods-fastighetsAppen.debug.xcconfig */,
				D2D2F69DCBABD7C01C192F01 /* Pods-fastighetsAppen.release.xcconfig */,
			);
			path = Pods;
			sourceTree = "<group>";
		};
/* End PBXGroup section */

/* Begin PBXNativeTarget section */
		D1F4060D257A4BA000F26599 /* fastighetsAppen */ = {
			isa = PBXNativeTarget;
			buildConfigurationList = D1F4061D257A4BA400F26599 /* Build configuration list for PBXNativeTarget "fastighetsAppen" */;
			buildPhases = (
				CA5A7B01D40BCC685437D62B /* [CP] Check Pods Manifest.lock */,
				D1F4060A257A4BA000F26599 /* Sources */,
				D1F4060B257A4BA000F26599 /* Frameworks */,
				D1F4060C257A4BA000F26599 /* Resources */,
				474CEFC97C3C2EC9E84D86FC /* [CP] Embed Pods Frameworks */,
			);
			buildRules = (
			);
			dependencies = (
			);
			name = fastighetsAppen;
			productName = fastighetsAppen;
			productReference = D1F4060E257A4BA000F26599 /* fastighetsAppen.app */;
			productType = "com.apple.product-type.application";
		};
/* End PBXNativeTarget section */

/* Begin PBXProject section */
		D1F40606257A4BA000F26599 /* Project object */ = {
			isa = PBXProject;
			attributes = {
				LastSwiftUpdateCheck = 1220;
				LastUpgradeCheck = 1220;
				TargetAttributes = {
					D1F4060D257A4BA000F26599 = {
						CreatedOnToolsVersion = 12.2;
					};
				};
			};
			buildConfigurationList = D1F40609257A4BA000F26599 /* Build configuration list for PBXProject "fastighetsAppen" */;
			compatibilityVersion = "Xcode 9.3";
			developmentRegion = en;
			hasScannedForEncodings = 0;
			knownRegions = (
				en,
				Base,
			);
			mainGroup = D1F40605257A4BA000F26599;
			productRefGroup = D1F4060F257A4BA000F26599 /* Products */;
			projectDirPath = "";
			projectRoot = "";
			targets = (
				D1F4060D257A4BA000F26599 /* fastighetsAppen */,
			);
		};
/* End PBXProject section */

/* Begin PBXResourcesBuildPhase section */
		D1F4060C257A4BA000F26599 /* Resources */ = {
			isa = PBXResourcesBuildPhase;
			buildActionMask = 2147483647;
			files = (
				D13277022587B3C200DB52AA /* .gitignore in Resources */,
				D1F40619257A4BA400F26599 /* Preview Assets.xcassets in Resources */,
				D1F40616257A4BA400F26599 /* Assets.xcassets in Resources */,
				D1F40622257A8D4F00F26599 /* GoogleService-Info.plist in Resources */,
			);
			runOnlyForDeploymentPostprocessing = 0;
		};
/* End PBXResourcesBuildPhase section */

/* Begin PBXShellScriptBuildPhase section */
		474CEFC97C3C2EC9E84D86FC /* [CP] Embed Pods Frameworks */ = {
			isa = PBXShellScriptBuildPhase;
			buildActionMask = 2147483647;
			files = (
			);
			inputFileListPaths = (
				"${PODS_ROOT}/Target Support Files/Pods-fastighetsAppen/Pods-fastighetsAppen-frameworks-${CONFIGURATION}-input-files.xcfilelist",
			);
			name = "[CP] Embed Pods Frameworks";
			outputFileListPaths = (
				"${PODS_ROOT}/Target Support Files/Pods-fastighetsAppen/Pods-fastighetsAppen-frameworks-${CONFIGURATION}-output-files.xcfilelist",
			);
			runOnlyForDeploymentPostprocessing = 0;
			shellPath = /bin/sh;
			shellScript = "\"${PODS_ROOT}/Target Support Files/Pods-fastighetsAppen/Pods-fastighetsAppen-frameworks.sh\"\n";
			showEnvVarsInLog = 0;
		};
		CA5A7B01D40BCC685437D62B /* [CP] Check Pods Manifest.lock */ = {
			isa = PBXShellScriptBuildPhase;
			buildActionMask = 2147483647;
			files = (
			);
			inputFileListPaths = (
			);
			inputPaths = (
				"${PODS_PODFILE_DIR_PATH}/Podfile.lock",
				"${PODS_ROOT}/Manifest.lock",
			);
			name = "[CP] Check Pods Manifest.lock";
			outputFileListPaths = (
			);
			outputPaths = (
				"$(DERIVED_FILE_DIR)/Pods-fastighetsAppen-checkManifestLockResult.txt",
			);
			runOnlyForDeploymentPostprocessing = 0;
			shellPath = /bin/sh;
			shellScript = "diff \"${PODS_PODFILE_DIR_PATH}/Podfile.lock\" \"${PODS_ROOT}/Manifest.lock\" > /dev/null\nif [ $? != 0 ] ; then\n    # print error to STDERR\n    echo \"error: The sandbox is not in sync with the Podfile.lock. Run 'pod install' or update your CocoaPods installation.\" >&2\n    exit 1\nfi\n# This output is used by Xcode 'outputs' to avoid re-running this script phase.\necho \"SUCCESS\" > \"${SCRIPT_OUTPUT_FILE_0}\"\n";
			showEnvVarsInLog = 0;
		};
/* End PBXShellScriptBuildPhase section */

/* Begin PBXSourcesBuildPhase section */
		D1F4060A257A4BA000F26599 /* Sources */ = {
			isa = PBXSourcesBuildPhase;
			buildActionMask = 2147483647;
			files = (
				D13C7C6F25825E0C00F3F756 /* InputfieldView.swift in Sources */,
				D1136EE3258AAC8B0054A82B /* PasswordTextfieldView.swift in Sources */,
				D1A32B5D257D4CE000A705C5 /* TenantModel.swift in Sources */,
				D13C7C7225826D1E00F3F756 /* SMSSender.swift in Sources */,
				D1A32B4F257D2E0600A705C5 /* PropertyOwnerHomeView.swift in Sources */,
				D1F4064B257A916600F26599 /* SignUpView.swift in Sources */,
				D1A32B5A257D4B0F00A705C5 /* PropertyModel.swift in Sources */,
				D1F40654257AC00400F26599 /* PropertyOwner.swift in Sources */,
				D1F4064F257A978C00F26599 /* LoginView.swift in Sources */,
				D14AF99E257E979D00F3C473 /* AddTenants.swift in Sources */,
				D1136EDB258A49E80054A82B /* ButtonView.swift in Sources */,
				D13276FB25878E3A00DB52AA /* TenantDetailView.swift in Sources */,
				D1F40612257A4BA000F26599 /* fastighetsAppenApp.swift in Sources */,
				D1A32B60257D4E2000A705C5 /* AddProperty.swift in Sources */,
			);
			runOnlyForDeploymentPostprocessing = 0;
		};
/* End PBXSourcesBuildPhase section */

/* Begin XCBuildConfiguration section */
		D1F4061B257A4BA400F26599 /* Debug */ = {
			isa = XCBuildConfiguration;
			buildSettings = {
				ALWAYS_SEARCH_USER_PATHS = NO;
				CLANG_ANALYZER_NONNULL = YES;
				CLANG_ANALYZER_NUMBER_OBJECT_CONVERSION = YES_AGGRESSIVE;
				CLANG_CXX_LANGUAGE_STANDARD = "gnu++14";
				CLANG_CXX_LIBRARY = "libc++";
				CLANG_ENABLE_MODULES = YES;
				CLANG_ENABLE_OBJC_ARC = YES;
				CLANG_ENABLE_OBJC_WEAK = YES;
				CLANG_WARN_BLOCK_CAPTURE_AUTORELEASING = YES;
				CLANG_WARN_BOOL_CONVERSION = YES;
				CLANG_WARN_COMMA = YES;
				CLANG_WARN_CONSTANT_CONVERSION = YES;
				CLANG_WARN_DEPRECATED_OBJC_IMPLEMENTATIONS = YES;
				CLANG_WARN_DIRECT_OBJC_ISA_USAGE = YES_ERROR;
				CLANG_WARN_DOCUMENTATION_COMMENTS = YES;
				CLANG_WARN_EMPTY_BODY = YES;
				CLANG_WARN_ENUM_CONVERSION = YES;
				CLANG_WARN_INFINITE_RECURSION = YES;
				CLANG_WARN_INT_CONVERSION = YES;
				CLANG_WARN_NON_LITERAL_NULL_CONVERSION = YES;
				CLANG_WARN_OBJC_IMPLICIT_RETAIN_SELF = YES;
				CLANG_WARN_OBJC_LITERAL_CONVERSION = YES;
				CLANG_WARN_OBJC_ROOT_CLASS = YES_ERROR;
				CLANG_WARN_QUOTED_INCLUDE_IN_FRAMEWORK_HEADER = YES;
				CLANG_WARN_RANGE_LOOP_ANALYSIS = YES;
				CLANG_WARN_STRICT_PROTOTYPES = YES;
				CLANG_WARN_SUSPICIOUS_MOVE = YES;
				CLANG_WARN_UNGUARDED_AVAILABILITY = YES_AGGRESSIVE;
				CLANG_WARN_UNREACHABLE_CODE = YES;
				CLANG_WARN__DUPLICATE_METHOD_MATCH = YES;
				COPY_PHASE_STRIP = NO;
				DEBUG_INFORMATION_FORMAT = dwarf;
				ENABLE_STRICT_OBJC_MSGSEND = YES;
				ENABLE_TESTABILITY = YES;
				GCC_C_LANGUAGE_STANDARD = gnu11;
				GCC_DYNAMIC_NO_PIC = NO;
				GCC_NO_COMMON_BLOCKS = YES;
				GCC_OPTIMIZATION_LEVEL = 0;
				GCC_PREPROCESSOR_DEFINITIONS = (
					"DEBUG=1",
					"$(inherited)",
				);
				GCC_WARN_64_TO_32_BIT_CONVERSION = YES;
				GCC_WARN_ABOUT_RETURN_TYPE = YES_ERROR;
				GCC_WARN_UNDECLARED_SELECTOR = YES;
				GCC_WARN_UNINITIALIZED_AUTOS = YES_AGGRESSIVE;
				GCC_WARN_UNUSED_FUNCTION = YES;
				GCC_WARN_UNUSED_VARIABLE = YES;
				IPHONEOS_DEPLOYMENT_TARGET = 14.2;
				MTL_ENABLE_DEBUG_INFO = INCLUDE_SOURCE;
				MTL_FAST_MATH = YES;
				ONLY_ACTIVE_ARCH = YES;
				SDKROOT = iphoneos;
				SWIFT_ACTIVE_COMPILATION_CONDITIONS = DEBUG;
				SWIFT_OPTIMIZATION_LEVEL = "-Onone";
			};
			name = Debug;
		};
		D1F4061C257A4BA400F26599 /* Release */ = {
			isa = XCBuildConfiguration;
			buildSettings = {
				ALWAYS_SEARCH_USER_PATHS = NO;
				CLANG_ANALYZER_NONNULL = YES;
				CLANG_ANALYZER_NUMBER_OBJECT_CONVERSION = YES_AGGRESSIVE;
				CLANG_CXX_LANGUAGE_STANDARD = "gnu++14";
				CLANG_CXX_LIBRARY = "libc++";
				CLANG_ENABLE_MODULES = YES;
				CLANG_ENABLE_OBJC_ARC = YES;
				CLANG_ENABLE_OBJC_WEAK = YES;
				CLANG_WARN_BLOCK_CAPTURE_AUTORELEASING = YES;
				CLANG_WARN_BOOL_CONVERSION = YES;
				CLANG_WARN_COMMA = YES;
				CLANG_WARN_CONSTANT_CONVERSION = YES;
				CLANG_WARN_DEPRECATED_OBJC_IMPLEMENTATIONS = YES;
				CLANG_WARN_DIRECT_OBJC_ISA_USAGE = YES_ERROR;
				CLANG_WARN_DOCUMENTATION_COMMENTS = YES;
				CLANG_WARN_EMPTY_BODY = YES;
				CLANG_WARN_ENUM_CONVERSION = YES;
				CLANG_WARN_INFINITE_RECURSION = YES;
				CLANG_WARN_INT_CONVERSION = YES;
				CLANG_WARN_NON_LITERAL_NULL_CONVERSION = YES;
				CLANG_WARN_OBJC_IMPLICIT_RETAIN_SELF = YES;
				CLANG_WARN_OBJC_LITERAL_CONVERSION = YES;
				CLANG_WARN_OBJC_ROOT_CLASS = YES_ERROR;
				CLANG_WARN_QUOTED_INCLUDE_IN_FRAMEWORK_HEADER = YES;
				CLANG_WARN_RANGE_LOOP_ANALYSIS = YES;
				CLANG_WARN_STRICT_PROTOTYPES = YES;
				CLANG_WARN_SUSPICIOUS_MOVE = YES;
				CLANG_WARN_UNGUARDED_AVAILABILITY = YES_AGGRESSIVE;
				CLANG_WARN_UNREACHABLE_CODE = YES;
				CLANG_WARN__DUPLICATE_METHOD_MATCH = YES;
				COPY_PHASE_STRIP = NO;
				DEBUG_INFORMATION_FORMAT = "dwarf-with-dsym";
				ENABLE_NS_ASSERTIONS = NO;
				ENABLE_STRICT_OBJC_MSGSEND = YES;
				GCC_C_LANGUAGE_STANDARD = gnu11;
				GCC_NO_COMMON_BLOCKS = YES;
				GCC_WARN_64_TO_32_BIT_CONVERSION = YES;
				GCC_WARN_ABOUT_RETURN_TYPE = YES_ERROR;
				GCC_WARN_UNDECLARED_SELECTOR = YES;
				GCC_WARN_UNINITIALIZED_AUTOS = YES_AGGRESSIVE;
				GCC_WARN_UNUSED_FUNCTION = YES;
				GCC_WARN_UNUSED_VARIABLE = YES;
				IPHONEOS_DEPLOYMENT_TARGET = 14.2;
				MTL_ENABLE_DEBUG_INFO = NO;
				MTL_FAST_MATH = YES;
				SDKROOT = iphoneos;
				SWIFT_COMPILATION_MODE = wholemodule;
				SWIFT_OPTIMIZATION_LEVEL = "-O";
				VALIDATE_PRODUCT = YES;
			};
			name = Release;
		};
		D1F4061E257A4BA400F26599 /* Debug */ = {
			isa = XCBuildConfiguration;
			baseConfigurationReference = 3B278F984826AEA0BC6FFD10 /* Pods-fastighetsAppen.debug.xcconfig */;
			buildSettings = {
				ASSETCATALOG_COMPILER_APPICON_NAME = AppIcon;
				ASSETCATALOG_COMPILER_GLOBAL_ACCENT_COLOR_NAME = AccentColor;
				CODE_SIGN_STYLE = Automatic;
				CURRENT_PROJECT_VERSION = 1.0.1;
				DEVELOPMENT_ASSET_PATHS = "\"fastighetsAppen/Preview Content\"";
				DEVELOPMENT_TEAM = 5AC8S2X438;
				ENABLE_PREVIEWS = YES;
				INFOPLIST_FILE = fastighetsAppen/Info.plist;
				IPHONEOS_DEPLOYMENT_TARGET = 14.0;
				LD_RUNPATH_SEARCH_PATHS = (
					"$(inherited)",
					"@executable_path/Frameworks",
				);
				MARKETING_VERSION = 1.0.0;
				PRODUCT_BUNDLE_IDENTIFIER = michele.fastighetsAppen;
				PRODUCT_NAME = "$(TARGET_NAME)";
				SWIFT_VERSION = 5.0;
				TARGETED_DEVICE_FAMILY = 1;
			};
			name = Debug;
		};
		D1F4061F257A4BA400F26599 /* Release */ = {
			isa = XCBuildConfiguration;
			baseConfigurationReference = D2D2F69DCBABD7C01C192F01 /* Pods-fastighetsAppen.release.xcconfig */;
			buildSettings = {
				ASSETCATALOG_COMPILER_APPICON_NAME = AppIcon;
				ASSETCATALOG_COMPILER_GLOBAL_ACCENT_COLOR_NAME = AccentColor;
				CODE_SIGN_STYLE = Automatic;
				CURRENT_PROJECT_VERSION = 1.0.1;
				DEVELOPMENT_ASSET_PATHS = "\"fastighetsAppen/Preview Content\"";
				DEVELOPMENT_TEAM = 5AC8S2X438;
				ENABLE_PREVIEWS = YES;
				INFOPLIST_FILE = fastighetsAppen/Info.plist;
				IPHONEOS_DEPLOYMENT_TARGET = 14.0;
				LD_RUNPATH_SEARCH_PATHS = (
					"$(inherited)",
					"@executable_path/Frameworks",
				);
				MARKETING_VERSION = 1.0.0;
				PRODUCT_BUNDLE_IDENTIFIER = michele.fastighetsAppen;
				PRODUCT_NAME = "$(TARGET_NAME)";
				SWIFT_VERSION = 5.0;
				TARGETED_DEVICE_FAMILY = 1;
			};
			name = Release;
		};
/* End XCBuildConfiguration section */

/* Begin XCConfigurationList section */
		D1F40609257A4BA000F26599 /* Build configuration list for PBXProject "fastighetsAppen" */ = {
			isa = XCConfigurationList;
			buildConfigurations = (
				D1F4061B257A4BA400F26599 /* Debug */,
				D1F4061C257A4BA400F26599 /* Release */,
			);
			defaultConfigurationIsVisible = 0;
			defaultConfigurationName = Release;
		};
		D1F4061D257A4BA400F26599 /* Build configuration list for PBXNativeTarget "fastighetsAppen" */ = {
			isa = XCConfigurationList;
			buildConfigurations = (
				D1F4061E257A4BA400F26599 /* Debug */,
				D1F4061F257A4BA400F26599 /* Release */,
			);
			defaultConfigurationIsVisible = 0;
			defaultConfigurationName = Release;
		};
/* End XCConfigurationList section */
	};
	rootObject = D1F40606257A4BA000F26599 /* Project object */;
}
